{
  "name": "jsTest",
  "version": "1.0.0",
  "lockfileVersion": 2,
  "requires": true,
  "packages": {
    "": {
      "version": "1.0.0",
      "dependencies": {
        "lodash": "^4.17.20"
      }
    },
    "node_modules/lodash": {
      "version": "4.17.20",
      "resolved": "https://registry-npm.rd.chanjet.com/lodash/download/lodash-4.17.20.tgz",
      "integrity": "sha1-tEqbYpe8tpjxxRo1RaKzs2jVnFI=",
      "license": "MIT"
    }
  },
  "dependencies": {
    "lodash": {
      "version": "4.17.20",
      "resolved": "https://registry-npm.rd.chanjet.com/lodash/download/lodash-4.17.20.tgz",
      "integrity": "sha1-tEqbYpe8tpjxxRo1RaKzs2jVnFI="
    }
  }
}
